// !$*UTF8*$!
{
	archiveVersion = 1;
	classes = {
	};
	objectVersion = 55;
	objects = {

/* Begin PBXBuildFile section */
		357E6B542864ED46007A0066 /* CardView-ViewModel.swift in Sources */ = {isa = PBXBuildFile; fileRef = 357E6B532864ED46007A0066 /* CardView-ViewModel.swift */; };
		357E6B562864ED88007A0066 /* ContentView-ViewModel.swift in Sources */ = {isa = PBXBuildFile; fileRef = 357E6B552864ED88007A0066 /* ContentView-ViewModel.swift */; };
		358D4CE5284E7A0B0059ADFB /* FlashzillaApp.swift in Sources */ = {isa = PBXBuildFile; fileRef = 358D4CE4284E7A0B0059ADFB /* FlashzillaApp.swift */; };
		358D4CE7284E7A0B0059ADFB /* ContentView.swift in Sources */ = {isa = PBXBuildFile; fileRef = 358D4CE6284E7A0B0059ADFB /* ContentView.swift */; };
		358D4CE9284E7A0D0059ADFB /* Assets.xcassets in Resources */ = {isa = PBXBuildFile; fileRef = 358D4CE8284E7A0D0059ADFB /* Assets.xcassets */; };
		358D4CEC284E7A0D0059ADFB /* Preview Assets.xcassets in Resources */ = {isa = PBXBuildFile; fileRef = 358D4CEB284E7A0D0059ADFB /* Preview Assets.xcassets */; };
		358D4CF3284E7B060059ADFB /* Card.swift in Sources */ = {isa = PBXBuildFile; fileRef = 358D4CF2284E7B060059ADFB /* Card.swift */; };
		358D4CF5284E7BDC0059ADFB /* CardView.swift in Sources */ = {isa = PBXBuildFile; fileRef = 358D4CF4284E7BDC0059ADFB /* CardView.swift */; };
		35BBA87928619FCB009DF12E /* PlayView.swift in Sources */ = {isa = PBXBuildFile; fileRef = 35BBA87828619FCB009DF12E /* PlayView.swift */; };
		35BBA87B2861A05C009DF12E /* CardSet.swift in Sources */ = {isa = PBXBuildFile; fileRef = 35BBA87A2861A05C009DF12E /* CardSet.swift */; };
		35BBA87D2861A9D4009DF12E /* CardSetDetailView.swift in Sources */ = {isa = PBXBuildFile; fileRef = 35BBA87C2861A9D4009DF12E /* CardSetDetailView.swift */; };
		35D418E02850F91800EF3E9A /* EditCards.swift in Sources */ = {isa = PBXBuildFile; fileRef = 35D418DF2850F91800EF3E9A /* EditCards.swift */; };
		35D418E22851EADB00EF3E9A /* FileManager-DocumentsDirectory.swift in Sources */ = {isa = PBXBuildFile; fileRef = 35D418E12851EADB00EF3E9A /* FileManager-DocumentsDirectory.swift */; };
		35D418E42851EB2000EF3E9A /* DataManager.swift in Sources */ = {isa = PBXBuildFile; fileRef = 35D418E32851EB2000EF3E9A /* DataManager.swift */; };
		35E2ADB2286384580080F134 /* CardSets.swift in Sources */ = {isa = PBXBuildFile; fileRef = 35E2ADB1286384580080F134 /* CardSets.swift */; };
		35E2ADB42863855D0080F134 /* AddCardSetView.swift in Sources */ = {isa = PBXBuildFile; fileRef = 35E2ADB32863855C0080F134 /* AddCardSetView.swift */; };
/* End PBXBuildFile section */

/* Begin PBXFileReference section */
		357E6B532864ED46007A0066 /* CardView-ViewModel.swift */ = {isa = PBXFileReference; lastKnownFileType = sourcecode.swift; path = "CardView-ViewModel.swift"; sourceTree = "<group>"; };
		357E6B552864ED88007A0066 /* ContentView-ViewModel.swift */ = {isa = PBXFileReference; lastKnownFileType = sourcecode.swift; path = "ContentView-ViewModel.swift"; sourceTree = "<group>"; };
		358D4CE1284E7A0B0059ADFB /* Flashzilla.app */ = {isa = PBXFileReference; explicitFileType = wrapper.application; includeInIndex = 0; path = Flashzilla.app; sourceTree = BUILT_PRODUCTS_DIR; };
		358D4CE4284E7A0B0059ADFB /* FlashzillaApp.swift */ = {isa = PBXFileReference; lastKnownFileType = sourcecode.swift; path = FlashzillaApp.swift; sourceTree = "<group>"; };
		358D4CE6284E7A0B0059ADFB /* ContentView.swift */ = {isa = PBXFileReference; lastKnownFileType = sourcecode.swift; path = ContentView.swift; sourceTree = "<group>"; };
		358D4CE8284E7A0D0059ADFB /* Assets.xcassets */ = {isa = PBXFileReference; lastKnownFileType = folder.assetcatalog; path = Assets.xcassets; sourceTree = "<group>"; };
		358D4CEB284E7A0D0059ADFB /* Preview Assets.xcassets */ = {isa = PBXFileReference; lastKnownFileType = folder.assetcatalog; path = "Preview Assets.xcassets"; sourceTree = "<group>"; };
		358D4CF2284E7B060059ADFB /* Card.swift */ = {isa = PBXFileReference; lastKnownFileType = sourcecode.swift; path = Card.swift; sourceTree = "<group>"; };
		358D4CF4284E7BDC0059ADFB /* CardView.swift */ = {isa = PBXFileReference; lastKnownFileType = sourcecode.swift; path = CardView.swift; sourceTree = "<group>"; };
		35BBA87828619FCB009DF12E /* PlayView.swift */ = {isa = PBXFileReference; lastKnownFileType = sourcecode.swift; path = PlayView.swift; sourceTree = "<group>"; };
		35BBA87A2861A05C009DF12E /* CardSet.swift */ = {isa = PBXFileReference; lastKnownFileType = sourcecode.swift; path = CardSet.swift; sourceTree = "<group>"; };
		35BBA87C2861A9D4009DF12E /* CardSetDetailView.swift */ = {isa = PBXFileReference; lastKnownFileType = sourcecode.swift; path = CardSetDetailView.swift; sourceTree = "<group>"; };
		35D418DF2850F91800EF3E9A /* EditCards.swift */ = {isa = PBXFileReference; lastKnownFileType = sourcecode.swift; path = EditCards.swift; sourceTree = "<group>"; };
		35D418E12851EADB00EF3E9A /* FileManager-DocumentsDirectory.swift */ = {isa = PBXFileReference; lastKnownFileType = sourcecode.swift; path = "FileManager-DocumentsDirectory.swift"; sourceTree = "<group>"; };
		35D418E32851EB2000EF3E9A /* DataManager.swift */ = {isa = PBXFileReference; lastKnownFileType = sourcecode.swift; path = DataManager.swift; sourceTree = "<group>"; };
		35E2ADB1286384580080F134 /* CardSets.swift */ = {isa = PBXFileReference; lastKnownFileType = sourcecode.swift; path = CardSets.swift; sourceTree = "<group>"; };
		35E2ADB32863855C0080F134 /* AddCardSetView.swift */ = {isa = PBXFileReference; lastKnownFileType = sourcecode.swift; path = AddCardSetView.swift; sourceTree = "<group>"; };
/* End PBXFileReference section */

/* Begin PBXFrameworksBuildPhase section */
		358D4CDE284E7A0B0059ADFB /* Frameworks */ = {
			isa = PBXFrameworksBuildPhase;
			buildActionMask = 2147483647;
			files = (
			);
			runOnlyForDeploymentPostprocessing = 0;
		};
/* End PBXFrameworksBuildPhase section */

/* Begin PBXGroup section */
		357E6B4F2864EC94007A0066 /* Views */ = {
			isa = PBXGroup;
			children = (
				358D4CE6284E7A0B0059ADFB /* ContentView.swift */,
				358D4CF4284E7BDC0059ADFB /* CardView.swift */,
				35BBA87C2861A9D4009DF12E /* CardSetDetailView.swift */,
				35BBA87828619FCB009DF12E /* PlayView.swift */,
				35E2ADB32863855C0080F134 /* AddCardSetView.swift */,
			);
			path = Views;
			sourceTree = "<group>";
		};
		357E6B502864EC9C007A0066 /* ViewModels */ = {
			isa = PBXGroup;
			children = (
				357E6B552864ED88007A0066 /* ContentView-ViewModel.swift */,
				357E6B532864ED46007A0066 /* CardView-ViewModel.swift */,
			);
			path = ViewModels;
			sourceTree = "<group>";
		};
		357E6B512864ECC6007A0066 /* Models */ = {
			isa = PBXGroup;
			children = (
				35E2ADB1286384580080F134 /* CardSets.swift */,
				35BBA87A2861A05C009DF12E /* CardSet.swift */,
				358D4CF2284E7B060059ADFB /* Card.swift */,
			);
			path = Models;
			sourceTree = "<group>";
		};
		357E6B522864ECD7007A0066 /* Old */ = {
			isa = PBXGroup;
			children = (
				35D418E12851EADB00EF3E9A /* FileManager-DocumentsDirectory.swift */,
				35D418E32851EB2000EF3E9A /* DataManager.swift */,
				35D418DF2850F91800EF3E9A /* EditCards.swift */,
			);
			path = Old;
			sourceTree = "<group>";
		};
		358D4CD8284E7A0B0059ADFB = {
			isa = PBXGroup;
			children = (
				358D4CE3284E7A0B0059ADFB /* Flashzilla */,
				358D4CE2284E7A0B0059ADFB /* Products */,
			);
			sourceTree = "<group>";
		};
		358D4CE2284E7A0B0059ADFB /* Products */ = {
			isa = PBXGroup;
			children = (
				358D4CE1284E7A0B0059ADFB /* Flashzilla.app */,
			);
			name = Products;
			sourceTree = "<group>";
		};
		358D4CE3284E7A0B0059ADFB /* Flashzilla */ = {
			isa = PBXGroup;
			children = (
				358D4CE4284E7A0B0059ADFB /* FlashzillaApp.swift */,
				357E6B4F2864EC94007A0066 /* Views */,
				357E6B502864EC9C007A0066 /* ViewModels */,
				357E6B512864ECC6007A0066 /* Models */,
				357E6B522864ECD7007A0066 /* Old */,
				358D4CE8284E7A0D0059ADFB /* Assets.xcassets */,
				358D4CEA284E7A0D0059ADFB /* Preview Content */,
			);
			path = Flashzilla;
			sourceTree = "<group>";
		};
		358D4CEA284E7A0D0059ADFB /* Preview Content */ = {
			isa = PBXGroup;
			children = (
				358D4CEB284E7A0D0059ADFB /* Preview Assets.xcassets */,
			);
			path = "Preview Content";
			sourceTree = "<group>";
		};
/* End PBXGroup section */

/* Begin PBXNativeTarget section */
		358D4CE0284E7A0B0059ADFB /* Flashzilla */ = {
			isa = PBXNativeTarget;
			buildConfigurationList = 358D4CEF284E7A0D0059ADFB /* Build configuration list for PBXNativeTarget "Flashzilla" */;
			buildPhases = (
				358D4CDD284E7A0B0059ADFB /* Sources */,
				358D4CDE284E7A0B0059ADFB /* Frameworks */,
				358D4CDF284E7A0B0059ADFB /* Resources */,
			);
			buildRules = (
			);
			dependencies = (
			);
			name = Flashzilla;
			productName = Flashzilla;
			productReference = 358D4CE1284E7A0B0059ADFB /* Flashzilla.app */;
			productType = "com.apple.product-type.application";
		};
/* End PBXNativeTarget section */

/* Begin PBXProject section */
		358D4CD9284E7A0B0059ADFB /* Project object */ = {
			isa = PBXProject;
			attributes = {
				BuildIndependentTargetsInParallel = 1;
				LastSwiftUpdateCheck = 1340;
				LastUpgradeCheck = 1340;
				TargetAttributes = {
					358D4CE0284E7A0B0059ADFB = {
						CreatedOnToolsVersion = 13.4;
					};
				};
			};
			buildConfigurationList = 358D4CDC284E7A0B0059ADFB /* Build configuration list for PBXProject "Flashzilla" */;
			compatibilityVersion = "Xcode 13.0";
			developmentRegion = en;
			hasScannedForEncodings = 0;
			knownRegions = (
				en,
				Base,
			);
			mainGroup = 358D4CD8284E7A0B0059ADFB;
			productRefGroup = 358D4CE2284E7A0B0059ADFB /* Products */;
			projectDirPath = "";
			projectRoot = "";
			targets = (
				358D4CE0284E7A0B0059ADFB /* Flashzilla */,
			);
		};
/* End PBXProject section */

/* Begin PBXResourcesBuildPhase section */
		358D4CDF284E7A0B0059ADFB /* Resources */ = {
			isa = PBXResourcesBuildPhase;
			buildActionMask = 2147483647;
			files = (
				358D4CEC284E7A0D0059ADFB /* Preview Assets.xcassets in Resources */,
				358D4CE9284E7A0D0059ADFB /* Assets.xcassets in Resources */,
			);
			runOnlyForDeploymentPostprocessing = 0;
		};
/* End PBXResourcesBuildPhase section */

/* Begin PBXSourcesBuildPhase section */
		358D4CDD284E7A0B0059ADFB /* Sources */ = {
			isa = PBXSourcesBuildPhase;
			buildActionMask = 2147483647;
			files = (
				35D418E22851EADB00EF3E9A /* FileManager-DocumentsDirectory.swift in Sources */,
				358D4CE7284E7A0B0059ADFB /* ContentView.swift in Sources */,
				35E2ADB2286384580080F134 /* CardSets.swift in Sources */,
				35BBA87D2861A9D4009DF12E /* CardSetDetailView.swift in Sources */,
				35BBA87928619FCB009DF12E /* PlayView.swift in Sources */,
				357E6B562864ED88007A0066 /* ContentView-ViewModel.swift in Sources */,
				35E2ADB42863855D0080F134 /* AddCardSetView.swift in Sources */,
				357E6B542864ED46007A0066 /* CardView-ViewModel.swift in Sources */,
				358D4CF3284E7B060059ADFB /* Card.swift in Sources */,
				35D418E42851EB2000EF3E9A /* DataManager.swift in Sources */,
				358D4CF5284E7BDC0059ADFB /* CardView.swift in Sources */,
				35D418E02850F91800EF3E9A /* EditCards.swift in Sources */,
				35BBA87B2861A05C009DF12E /* CardSet.swift in Sources */,
				358D4CE5284E7A0B0059ADFB /* FlashzillaApp.swift in Sources */,
			);
			runOnlyForDeploymentPostprocessing = 0;
		};
/* End PBXSourcesBuildPhase section */

/* Begin XCBuildConfiguration section */
		358D4CED284E7A0D0059ADFB /* Debug */ = {
			isa = XCBuildConfiguration;
			buildSettings = {
				ALWAYS_SEARCH_USER_PATHS = NO;
				CLANG_ANALYZER_NONNULL = YES;
				CLANG_ANALYZER_NUMBER_OBJECT_CONVERSION = YES_AGGRESSIVE;
				CLANG_CXX_LANGUAGE_STANDARD = "gnu++17";
				CLANG_ENABLE_MODULES = YES;
				CLANG_ENABLE_OBJC_ARC = YES;
				CLANG_ENABLE_OBJC_WEAK = YES;
				CLANG_WARN_BLOCK_CAPTURE_AUTORELEASING = YES;
				CLANG_WARN_BOOL_CONVERSION = YES;
				CLANG_WARN_COMMA = YES;
				CLANG_WARN_CONSTANT_CONVERSION = YES;
				CLANG_WARN_DEPRECATED_OBJC_IMPLEMENTATIONS = YES;
				CLANG_WARN_DIRECT_OBJC_ISA_USAGE = YES_ERROR;
				CLANG_WARN_DOCUMENTATION_COMMENTS = YES;
				CLANG_WARN_EMPTY_BODY = YES;
				CLANG_WARN_ENUM_CONVERSION = YES;
				CLANG_WARN_INFINITE_RECURSION = YES;
				CLANG_WARN_INT_CONVERSION = YES;
				CLANG_WARN_NON_LITERAL_NULL_CONVERSION = YES;
				CLANG_WARN_OBJC_IMPLICIT_RETAIN_SELF = YES;
				CLANG_WARN_OBJC_LITERAL_CONVERSION = YES;
				CLANG_WARN_OBJC_ROOT_CLASS = YES_ERROR;
				CLANG_WARN_QUOTED_INCLUDE_IN_FRAMEWORK_HEADER = YES;
				CLANG_WARN_RANGE_LOOP_ANALYSIS = YES;
				CLANG_WARN_STRICT_PROTOTYPES = YES;
				CLANG_WARN_SUSPICIOUS_MOVE = YES;
				CLANG_WARN_UNGUARDED_AVAILABILITY = YES_AGGRESSIVE;
				CLANG_WARN_UNREACHABLE_CODE = YES;
				CLANG_WARN__DUPLICATE_METHOD_MATCH = YES;
				COPY_PHASE_STRIP = NO;
				DEBUG_INFORMATION_FORMAT = dwarf;
				ENABLE_STRICT_OBJC_MSGSEND = YES;
				ENABLE_TESTABILITY = YES;
				GCC_C_LANGUAGE_STANDARD = gnu11;
				GCC_DYNAMIC_NO_PIC = NO;
				GCC_NO_COMMON_BLOCKS = YES;
				GCC_OPTIMIZATION_LEVEL = 0;
				GCC_PREPROCESSOR_DEFINITIONS = (
					"DEBUG=1",
					"$(inherited)",
				);
				GCC_WARN_64_TO_32_BIT_CONVERSION = YES;
				GCC_WARN_ABOUT_RETURN_TYPE = YES_ERROR;
				GCC_WARN_UNDECLARED_SELECTOR = YES;
				GCC_WARN_UNINITIALIZED_AUTOS = YES_AGGRESSIVE;
				GCC_WARN_UNUSED_FUNCTION = YES;
				GCC_WARN_UNUSED_VARIABLE = YES;
				IPHONEOS_DEPLOYMENT_TARGET = 15.5;
				MTL_ENABLE_DEBUG_INFO = INCLUDE_SOURCE;
				MTL_FAST_MATH = YES;
				ONLY_ACTIVE_ARCH = YES;
				SDKROOT = iphoneos;
				SWIFT_ACTIVE_COMPILATION_CONDITIONS = DEBUG;
				SWIFT_OPTIMIZATION_LEVEL = "-Onone";
			};
			name = Debug;
		};
		358D4CEE284E7A0D0059ADFB /* Release */ = {
			isa = XCBuildConfiguration;
			buildSettings = {
				ALWAYS_SEARCH_USER_PATHS = NO;
				CLANG_ANALYZER_NONNULL = YES;
				CLANG_ANALYZER_NUMBER_OBJECT_CONVERSION = YES_AGGRESSIVE;
				CLANG_CXX_LANGUAGE_STANDARD = "gnu++17";
				CLANG_ENABLE_MODULES = YES;
				CLANG_ENABLE_OBJC_ARC = YES;
				CLANG_ENABLE_OBJC_WEAK = YES;
				CLANG_WARN_BLOCK_CAPTURE_AUTORELEASING = YES;
				CLANG_WARN_BOOL_CONVERSION = YES;
				CLANG_WARN_COMMA = YES;
				CLANG_WARN_CONSTANT_CONVERSION = YES;
				CLANG_WARN_DEPRECATED_OBJC_IMPLEMENTATIONS = YES;
				CLANG_WARN_DIRECT_OBJC_ISA_USAGE = YES_ERROR;
				CLANG_WARN_DOCUMENTATION_COMMENTS = YES;
				CLANG_WARN_EMPTY_BODY = YES;
				CLANG_WARN_ENUM_CONVERSION = YES;
				CLANG_WARN_INFINITE_RECURSION = YES;
				CLANG_WARN_INT_CONVERSION = YES;
				CLANG_WARN_NON_LITERAL_NULL_CONVERSION = YES;
				CLANG_WARN_OBJC_IMPLICIT_RETAIN_SELF = YES;
				CLANG_WARN_OBJC_LITERAL_CONVERSION = YES;
				CLANG_WARN_OBJC_ROOT_CLASS = YES_ERROR;
				CLANG_WARN_QUOTED_INCLUDE_IN_FRAMEWORK_HEADER = YES;
				CLANG_WARN_RANGE_LOOP_ANALYSIS = YES;
				CLANG_WARN_STRICT_PROTOTYPES = YES;
				CLANG_WARN_SUSPICIOUS_MOVE = YES;
				CLANG_WARN_UNGUARDED_AVAILABILITY = YES_AGGRESSIVE;
				CLANG_WARN_UNREACHABLE_CODE = YES;
				CLANG_WARN__DUPLICATE_METHOD_MATCH = YES;
				COPY_PHASE_STRIP = NO;
				DEBUG_INFORMATION_FORMAT = "dwarf-with-dsym";
				ENABLE_NS_ASSERTIONS = NO;
				ENABLE_STRICT_OBJC_MSGSEND = YES;
				GCC_C_LANGUAGE_STANDARD = gnu11;
				GCC_NO_COMMON_BLOCKS = YES;
				GCC_WARN_64_TO_32_BIT_CONVERSION = YES;
				GCC_WARN_ABOUT_RETURN_TYPE = YES_ERROR;
				GCC_WARN_UNDECLARED_SELECTOR = YES;
				GCC_WARN_UNINITIALIZED_AUTOS = YES_AGGRESSIVE;
				GCC_WARN_UNUSED_FUNCTION = YES;
				GCC_WARN_UNUSED_VARIABLE = YES;
				IPHONEOS_DEPLOYMENT_TARGET = 15.5;
				MTL_ENABLE_DEBUG_INFO = NO;
				MTL_FAST_MATH = YES;
				SDKROOT = iphoneos;
				SWIFT_COMPILATION_MODE = wholemodule;
				SWIFT_OPTIMIZATION_LEVEL = "-O";
				VALIDATE_PRODUCT = YES;
			};
			name = Release;
		};
		358D4CF0284E7A0D0059ADFB /* Debug */ = {
			isa = XCBuildConfiguration;
			buildSettings = {
				ASSETCATALOG_COMPILER_APPICON_NAME = AppIcon;
				ASSETCATALOG_COMPILER_GLOBAL_ACCENT_COLOR_NAME = AccentColor;
				CODE_SIGN_STYLE = Automatic;
				CURRENT_PROJECT_VERSION = 1;
				DEVELOPMENT_ASSET_PATHS = "\"Flashzilla/Preview Content\"";
				DEVELOPMENT_TEAM = 856AXWZ5VZ;
				ENABLE_PREVIEWS = YES;
				GENERATE_INFOPLIST_FILE = YES;
				INFOPLIST_KEY_UIApplicationSceneManifest_Generation = YES;
				INFOPLIST_KEY_UIApplicationSupportsIndirectInputEvents = YES;
				INFOPLIST_KEY_UILaunchScreen_Generation = YES;
				INFOPLIST_KEY_UISupportedInterfaceOrientations_iPad = "UIInterfaceOrientationPortrait UIInterfaceOrientationPortraitUpsideDown UIInterfaceOrientationLandscapeLeft UIInterfaceOrientationLandscapeRight";
				INFOPLIST_KEY_UISupportedInterfaceOrientations_iPhone = "UIInterfaceOrientationLandscapeLeft UIInterfaceOrientationLandscapeRight UIInterfaceOrientationPortrait";
				IPHONEOS_DEPLOYMENT_TARGET = 15.0;
				LD_RUNPATH_SEARCH_PATHS = (
					"$(inherited)",
					"@executable_path/Frameworks",
				);
				MARKETING_VERSION = 1.0;
				PRODUCT_BUNDLE_IDENTIFIER = LMG.Flashzilla;
				PRODUCT_NAME = "$(TARGET_NAME)";
				SWIFT_EMIT_LOC_STRINGS = YES;
				SWIFT_VERSION = 5.0;
				TARGETED_DEVICE_FAMILY = "1,2";
			};
			name = Debug;
		};
		358D4CF1284E7A0D0059ADFB /* Release */ = {
			isa = XCBuildConfiguration;
			buildSettings = {
				ASSETCATALOG_COMPILER_APPICON_NAME = AppIcon;
				ASSETCATALOG_COMPILER_GLOBAL_ACCENT_COLOR_NAME = AccentColor;
				CODE_SIGN_STYLE = Automatic;
				CURRENT_PROJECT_VERSION = 1;
				DEVELOPMENT_ASSET_PATHS = "\"Flashzilla/Preview Content\"";
				DEVELOPMENT_TEAM = 856AXWZ5VZ;
				ENABLE_PREVIEWS = YES;
				GENERATE_INFOPLIST_FILE = YES;
				INFOPLIST_KEY_UIApplicationSceneManifest_Generation = YES;
				INFOPLIST_KEY_UIApplicationSupportsIndirectInputEvents = YES;
				INFOPLIST_KEY_UILaunchScreen_Generation = YES;
				INFOPLIST_KEY_UISupportedInterfaceOrientations_iPad = "UIInterfaceOrientationPortrait UIInterfaceOrientationPortraitUpsideDown UIInterfaceOrientationLandscapeLeft UIInterfaceOrientationLandscapeRight";
				INFOPLIST_KEY_UISupportedInterfaceOrientations_iPhone = "UIInterfaceOrientationLandscapeLeft UIInterfaceOrientationLandscapeRight UIInterfaceOrientationPortrait";
				IPHONEOS_DEPLOYMENT_TARGET = 15.0;
				LD_RUNPATH_SEARCH_PATHS = (
					"$(inherited)",
					"@executable_path/Frameworks",
				);
				MARKETING_VERSION = 1.0;
				PRODUCT_BUNDLE_IDENTIFIER = LMG.Flashzilla;
				PRODUCT_NAME = "$(TARGET_NAME)";
				SWIFT_EMIT_LOC_STRINGS = YES;
				SWIFT_VERSION = 5.0;
				TARGETED_DEVICE_FAMILY = "1,2";
			};
			name = Release;
		};
/* End XCBuildConfiguration section */

/* Begin XCConfigurationList section */
		358D4CDC284E7A0B0059ADFB /* Build configuration list for PBXProject "Flashzilla" */ = {
			isa = XCConfigurationList;
			buildConfigurations = (
				358D4CED284E7A0D0059ADFB /* Debug */,
				358D4CEE284E7A0D0059ADFB /* Release */,
			);
			defaultConfigurationIsVisible = 0;
			defaultConfigurationName = Release;
		};
		358D4CEF284E7A0D0059ADFB /* Build configuration list for PBXNativeTarget "Flashzilla" */ = {
			isa = XCConfigurationList;
			buildConfigurations = (
				358D4CF0284E7A0D0059ADFB /* Debug */,
				358D4CF1284E7A0D0059ADFB /* Release */,
			);
			defaultConfigurationIsVisible = 0;
			defaultConfigurationName = Release;
		};
/* End XCConfigurationList section */
	};
	rootObject = 358D4CD9284E7A0B0059ADFB /* Project object */;
}
