// !$*UTF8*$!
{
	archiveVersion = 1;
	classes = {
	};
	objectVersion = 55;
	objects = {

/* Begin PBXBuildFile section */
		358D4CB42849024B0059ADFB /* CodeScanner in Frameworks */ = {isa = PBXBuildFile; productRef = 358D4CB32849024B0059ADFB /* CodeScanner */; };
		358D4CB6284A45350059ADFB /* ImageSaver.swift in Sources */ = {isa = PBXBuildFile; fileRef = 358D4CB5284A45350059ADFB /* ImageSaver.swift */; };
		358D4CB8284A54FC0059ADFB /* FileManager - DocumentsDirectory.swift in Sources */ = {isa = PBXBuildFile; fileRef = 358D4CB7284A54FC0059ADFB /* FileManager - DocumentsDirectory.swift */; };
		358D4CBD284A5A160059ADFB /* CodeScanner in Frameworks */ = {isa = PBXBuildFile; productRef = 358D4CBC284A5A160059ADFB /* CodeScanner */; };
		35E055B928438FF20069BCD1 /* HotProspectsApp.swift in Sources */ = {isa = PBXBuildFile; fileRef = 35E055B828438FF20069BCD1 /* HotProspectsApp.swift */; };
		35E055BB28438FF20069BCD1 /* ContentView.swift in Sources */ = {isa = PBXBuildFile; fileRef = 35E055BA28438FF20069BCD1 /* ContentView.swift */; };
		35E055BD28438FF40069BCD1 /* Assets.xcassets in Resources */ = {isa = PBXBuildFile; fileRef = 35E055BC28438FF40069BCD1 /* Assets.xcassets */; };
		35E055C028438FF40069BCD1 /* Preview Assets.xcassets in Resources */ = {isa = PBXBuildFile; fileRef = 35E055BF28438FF40069BCD1 /* Preview Assets.xcassets */; };
		35E055C82845FA3C0069BCD1 /* SamplePackage in Frameworks */ = {isa = PBXBuildFile; productRef = 35E055C72845FA3C0069BCD1 /* SamplePackage */; };
		35E055CA28475A560069BCD1 /* ProspectsView.swift in Sources */ = {isa = PBXBuildFile; fileRef = 35E055C928475A560069BCD1 /* ProspectsView.swift */; };
		35E055CC28475A9C0069BCD1 /* MeView.swift in Sources */ = {isa = PBXBuildFile; fileRef = 35E055CB28475A9C0069BCD1 /* MeView.swift */; };
		35E055CE28475CF70069BCD1 /* Prospect.swift in Sources */ = {isa = PBXBuildFile; fileRef = 35E055CD28475CF70069BCD1 /* Prospect.swift */; };
/* End PBXBuildFile section */

/* Begin PBXFileReference section */
		358D4CB5284A45350059ADFB /* ImageSaver.swift */ = {isa = PBXFileReference; fileEncoding = 4; lastKnownFileType = sourcecode.swift; path = ImageSaver.swift; sourceTree = "<group>"; };
		358D4CB7284A54FC0059ADFB /* FileManager - DocumentsDirectory.swift */ = {isa = PBXFileReference; lastKnownFileType = sourcecode.swift; path = "FileManager - DocumentsDirectory.swift"; sourceTree = "<group>"; };
		35E055B528438FF20069BCD1 /* HotProspects.app */ = {isa = PBXFileReference; explicitFileType = wrapper.application; includeInIndex = 0; path = HotProspects.app; sourceTree = BUILT_PRODUCTS_DIR; };
		35E055B828438FF20069BCD1 /* HotProspectsApp.swift */ = {isa = PBXFileReference; lastKnownFileType = sourcecode.swift; path = HotProspectsApp.swift; sourceTree = "<group>"; };
		35E055BA28438FF20069BCD1 /* ContentView.swift */ = {isa = PBXFileReference; lastKnownFileType = sourcecode.swift; path = ContentView.swift; sourceTree = "<group>"; };
		35E055BC28438FF40069BCD1 /* Assets.xcassets */ = {isa = PBXFileReference; lastKnownFileType = folder.assetcatalog; path = Assets.xcassets; sourceTree = "<group>"; };
		35E055BF28438FF40069BCD1 /* Preview Assets.xcassets */ = {isa = PBXFileReference; lastKnownFileType = folder.assetcatalog; path = "Preview Assets.xcassets"; sourceTree = "<group>"; };
		35E055C928475A560069BCD1 /* ProspectsView.swift */ = {isa = PBXFileReference; lastKnownFileType = sourcecode.swift; path = ProspectsView.swift; sourceTree = "<group>"; };
		35E055CB28475A9C0069BCD1 /* MeView.swift */ = {isa = PBXFileReference; lastKnownFileType = sourcecode.swift; path = MeView.swift; sourceTree = "<group>"; };
		35E055CD28475CF70069BCD1 /* Prospect.swift */ = {isa = PBXFileReference; lastKnownFileType = sourcecode.swift; path = Prospect.swift; sourceTree = "<group>"; };
/* End PBXFileReference section */

/* Begin PBXFrameworksBuildPhase section */
		35E055B228438FF20069BCD1 /* Frameworks */ = {
			isa = PBXFrameworksBuildPhase;
			buildActionMask = 2147483647;
			files = (
				358D4CB42849024B0059ADFB /* CodeScanner in Frameworks */,
				35E055C82845FA3C0069BCD1 /* SamplePackage in Frameworks */,
				358D4CBD284A5A160059ADFB /* CodeScanner in Frameworks */,
			);
			runOnlyForDeploymentPostprocessing = 0;
		};
/* End PBXFrameworksBuildPhase section */

/* Begin PBXGroup section */
		35E055AC28438FF20069BCD1 = {
			isa = PBXGroup;
			children = (
				35E055B728438FF20069BCD1 /* HotProspects */,
				35E055B628438FF20069BCD1 /* Products */,
			);
			sourceTree = "<group>";
		};
		35E055B628438FF20069BCD1 /* Products */ = {
			isa = PBXGroup;
			children = (
				35E055B528438FF20069BCD1 /* HotProspects.app */,
			);
			name = Products;
			sourceTree = "<group>";
		};
		35E055B728438FF20069BCD1 /* HotProspects */ = {
			isa = PBXGroup;
			children = (
				35E055B828438FF20069BCD1 /* HotProspectsApp.swift */,
				35E055BA28438FF20069BCD1 /* ContentView.swift */,
				35E055C928475A560069BCD1 /* ProspectsView.swift */,
				35E055CB28475A9C0069BCD1 /* MeView.swift */,
				358D4CB5284A45350059ADFB /* ImageSaver.swift */,
				35E055CD28475CF70069BCD1 /* Prospect.swift */,
				358D4CB7284A54FC0059ADFB /* FileManager - DocumentsDirectory.swift */,
				35E055BC28438FF40069BCD1 /* Assets.xcassets */,
				35E055BE28438FF40069BCD1 /* Preview Content */,
			);
			path = HotProspects;
			sourceTree = "<group>";
		};
		35E055BE28438FF40069BCD1 /* Preview Content */ = {
			isa = PBXGroup;
			children = (
				35E055BF28438FF40069BCD1 /* Preview Assets.xcassets */,
			);
			path = "Preview Content";
			sourceTree = "<group>";
		};
/* End PBXGroup section */

/* Begin PBXNativeTarget section */
		35E055B428438FF20069BCD1 /* HotProspects */ = {
			isa = PBXNativeTarget;
			buildConfigurationList = 35E055C328438FF40069BCD1 /* Build configuration list for PBXNativeTarget "HotProspects" */;
			buildPhases = (
				35E055B128438FF20069BCD1 /* Sources */,
				35E055B228438FF20069BCD1 /* Frameworks */,
				35E055B328438FF20069BCD1 /* Resources */,
			);
			buildRules = (
			);
			dependencies = (
			);
			name = HotProspects;
			packageProductDependencies = (
				35E055C72845FA3C0069BCD1 /* SamplePackage */,
				358D4CB32849024B0059ADFB /* CodeScanner */,
				358D4CBC284A5A160059ADFB /* CodeScanner */,
			);
			productName = HotProspects;
			productReference = 35E055B528438FF20069BCD1 /* HotProspects.app */;
			productType = "com.apple.product-type.application";
		};
/* End PBXNativeTarget section */

/* Begin PBXProject section */
		35E055AD28438FF20069BCD1 /* Project object */ = {
			isa = PBXProject;
			attributes = {
				BuildIndependentTargetsInParallel = 1;
				LastSwiftUpdateCheck = 1340;
				LastUpgradeCheck = 1340;
				TargetAttributes = {
					35E055B428438FF20069BCD1 = {
						CreatedOnToolsVersion = 13.4;
					};
				};
			};
			buildConfigurationList = 35E055B028438FF20069BCD1 /* Build configuration list for PBXProject "HotProspectsV2.0" */;
			compatibilityVersion = "Xcode 13.0";
			developmentRegion = en;
			hasScannedForEncodings = 0;
			knownRegions = (
				en,
				Base,
			);
			mainGroup = 35E055AC28438FF20069BCD1;
			packageReferences = (
				35E055C62845FA3C0069BCD1 /* XCRemoteSwiftPackageReference "SamplePackage" */,
				358D4CB22849024B0059ADFB /* XCRemoteSwiftPackageReference "CodeScanner" */,
				358D4CBB284A5A160059ADFB /* XCRemoteSwiftPackageReference "CodeScanner" */,
			);
			productRefGroup = 35E055B628438FF20069BCD1 /* Products */;
			projectDirPath = "";
			projectRoot = "";
			targets = (
				35E055B428438FF20069BCD1 /* HotProspects */,
			);
		};
/* End PBXProject section */

/* Begin PBXResourcesBuildPhase section */
		35E055B328438FF20069BCD1 /* Resources */ = {
			isa = PBXResourcesBuildPhase;
			buildActionMask = 2147483647;
			files = (
				35E055C028438FF40069BCD1 /* Preview Assets.xcassets in Resources */,
				35E055BD28438FF40069BCD1 /* Assets.xcassets in Resources */,
			);
			runOnlyForDeploymentPostprocessing = 0;
		};
/* End PBXResourcesBuildPhase section */

/* Begin PBXSourcesBuildPhase section */
		35E055B128438FF20069BCD1 /* Sources */ = {
			isa = PBXSourcesBuildPhase;
			buildActionMask = 2147483647;
			files = (
				358D4CB8284A54FC0059ADFB /* FileManager - DocumentsDirectory.swift in Sources */,
				35E055CC28475A9C0069BCD1 /* MeView.swift in Sources */,
				358D4CB6284A45350059ADFB /* ImageSaver.swift in Sources */,
				35E055CE28475CF70069BCD1 /* Prospect.swift in Sources */,
				35E055CA28475A560069BCD1 /* ProspectsView.swift in Sources */,
				35E055BB28438FF20069BCD1 /* ContentView.swift in Sources */,
				35E055B928438FF20069BCD1 /* HotProspectsApp.swift in Sources */,
			);
			runOnlyForDeploymentPostprocessing = 0;
		};
/* End PBXSourcesBuildPhase section */

/* Begin XCBuildConfiguration section */
		35E055C128438FF40069BCD1 /* Debug */ = {
			isa = XCBuildConfiguration;
			buildSettings = {
				ALWAYS_SEARCH_USER_PATHS = NO;
				CLANG_ANALYZER_NONNULL = YES;
				CLANG_ANALYZER_NUMBER_OBJECT_CONVERSION = YES_AGGRESSIVE;
				CLANG_CXX_LANGUAGE_STANDARD = "gnu++17";
				CLANG_ENABLE_MODULES = YES;
				CLANG_ENABLE_OBJC_ARC = YES;
				CLANG_ENABLE_OBJC_WEAK = YES;
				CLANG_WARN_BLOCK_CAPTURE_AUTORELEASING = YES;
				CLANG_WARN_BOOL_CONVERSION = YES;
				CLANG_WARN_COMMA = YES;
				CLANG_WARN_CONSTANT_CONVERSION = YES;
				CLANG_WARN_DEPRECATED_OBJC_IMPLEMENTATIONS = YES;
				CLANG_WARN_DIRECT_OBJC_ISA_USAGE = YES_ERROR;
				CLANG_WARN_DOCUMENTATION_COMMENTS = YES;
				CLANG_WARN_EMPTY_BODY = YES;
				CLANG_WARN_ENUM_CONVERSION = YES;
				CLANG_WARN_INFINITE_RECURSION = YES;
				CLANG_WARN_INT_CONVERSION = YES;
				CLANG_WARN_NON_LITERAL_NULL_CONVERSION = YES;
				CLANG_WARN_OBJC_IMPLICIT_RETAIN_SELF = YES;
				CLANG_WARN_OBJC_LITERAL_CONVERSION = YES;
				CLANG_WARN_OBJC_ROOT_CLASS = YES_ERROR;
				CLANG_WARN_QUOTED_INCLUDE_IN_FRAMEWORK_HEADER = YES;
				CLANG_WARN_RANGE_LOOP_ANALYSIS = YES;
				CLANG_WARN_STRICT_PROTOTYPES = YES;
				CLANG_WARN_SUSPICIOUS_MOVE = YES;
				CLANG_WARN_UNGUARDED_AVAILABILITY = YES_AGGRESSIVE;
				CLANG_WARN_UNREACHABLE_CODE = YES;
				CLANG_WARN__DUPLICATE_METHOD_MATCH = YES;
				COPY_PHASE_STRIP = NO;
				DEBUG_INFORMATION_FORMAT = dwarf;
				ENABLE_STRICT_OBJC_MSGSEND = YES;
				ENABLE_TESTABILITY = YES;
				GCC_C_LANGUAGE_STANDARD = gnu11;
				GCC_DYNAMIC_NO_PIC = NO;
				GCC_NO_COMMON_BLOCKS = YES;
				GCC_OPTIMIZATION_LEVEL = 0;
				GCC_PREPROCESSOR_DEFINITIONS = (
					"DEBUG=1",
					"$(inherited)",
				);
				GCC_WARN_64_TO_32_BIT_CONVERSION = YES;
				GCC_WARN_ABOUT_RETURN_TYPE = YES_ERROR;
				GCC_WARN_UNDECLARED_SELECTOR = YES;
				GCC_WARN_UNINITIALIZED_AUTOS = YES_AGGRESSIVE;
				GCC_WARN_UNUSED_FUNCTION = YES;
				GCC_WARN_UNUSED_VARIABLE = YES;
				IPHONEOS_DEPLOYMENT_TARGET = 15.0;
				MTL_ENABLE_DEBUG_INFO = INCLUDE_SOURCE;
				MTL_FAST_MATH = YES;
				ONLY_ACTIVE_ARCH = YES;
				SDKROOT = iphoneos;
				SWIFT_ACTIVE_COMPILATION_CONDITIONS = DEBUG;
				SWIFT_OPTIMIZATION_LEVEL = "-Onone";
			};
			name = Debug;
		};
		35E055C228438FF40069BCD1 /* Release */ = {
			isa = XCBuildConfiguration;
			buildSettings = {
				ALWAYS_SEARCH_USER_PATHS = NO;
				CLANG_ANALYZER_NONNULL = YES;
				CLANG_ANALYZER_NUMBER_OBJECT_CONVERSION = YES_AGGRESSIVE;
				CLANG_CXX_LANGUAGE_STANDARD = "gnu++17";
				CLANG_ENABLE_MODULES = YES;
				CLANG_ENABLE_OBJC_ARC = YES;
				CLANG_ENABLE_OBJC_WEAK = YES;
				CLANG_WARN_BLOCK_CAPTURE_AUTORELEASING = YES;
				CLANG_WARN_BOOL_CONVERSION = YES;
				CLANG_WARN_COMMA = YES;
				CLANG_WARN_CONSTANT_CONVERSION = YES;
				CLANG_WARN_DEPRECATED_OBJC_IMPLEMENTATIONS = YES;
				CLANG_WARN_DIRECT_OBJC_ISA_USAGE = YES_ERROR;
				CLANG_WARN_DOCUMENTATION_COMMENTS = YES;
				CLANG_WARN_EMPTY_BODY = YES;
				CLANG_WARN_ENUM_CONVERSION = YES;
				CLANG_WARN_INFINITE_RECURSION = YES;
				CLANG_WARN_INT_CONVERSION = YES;
				CLANG_WARN_NON_LITERAL_NULL_CONVERSION = YES;
				CLANG_WARN_OBJC_IMPLICIT_RETAIN_SELF = YES;
				CLANG_WARN_OBJC_LITERAL_CONVERSION = YES;
				CLANG_WARN_OBJC_ROOT_CLASS = YES_ERROR;
				CLANG_WARN_QUOTED_INCLUDE_IN_FRAMEWORK_HEADER = YES;
				CLANG_WARN_RANGE_LOOP_ANALYSIS = YES;
				CLANG_WARN_STRICT_PROTOTYPES = YES;
				CLANG_WARN_SUSPICIOUS_MOVE = YES;
				CLANG_WARN_UNGUARDED_AVAILABILITY = YES_AGGRESSIVE;
				CLANG_WARN_UNREACHABLE_CODE = YES;
				CLANG_WARN__DUPLICATE_METHOD_MATCH = YES;
				COPY_PHASE_STRIP = NO;
				DEBUG_INFORMATION_FORMAT = "dwarf-with-dsym";
				ENABLE_NS_ASSERTIONS = NO;
				ENABLE_STRICT_OBJC_MSGSEND = YES;
				GCC_C_LANGUAGE_STANDARD = gnu11;
				GCC_NO_COMMON_BLOCKS = YES;
				GCC_WARN_64_TO_32_BIT_CONVERSION = YES;
				GCC_WARN_ABOUT_RETURN_TYPE = YES_ERROR;
				GCC_WARN_UNDECLARED_SELECTOR = YES;
				GCC_WARN_UNINITIALIZED_AUTOS = YES_AGGRESSIVE;
				GCC_WARN_UNUSED_FUNCTION = YES;
				GCC_WARN_UNUSED_VARIABLE = YES;
				IPHONEOS_DEPLOYMENT_TARGET = 15.0;
				MTL_ENABLE_DEBUG_INFO = NO;
				MTL_FAST_MATH = YES;
				SDKROOT = iphoneos;
				SWIFT_COMPILATION_MODE = wholemodule;
				SWIFT_OPTIMIZATION_LEVEL = "-O";
				VALIDATE_PRODUCT = YES;
			};
			name = Release;
		};
		35E055C428438FF40069BCD1 /* Debug */ = {
			isa = XCBuildConfiguration;
			buildSettings = {
				ASSETCATALOG_COMPILER_APPICON_NAME = AppIcon;
				ASSETCATALOG_COMPILER_GLOBAL_ACCENT_COLOR_NAME = AccentColor;
				CODE_SIGN_STYLE = Automatic;
				CURRENT_PROJECT_VERSION = 1;
				DEVELOPMENT_ASSET_PATHS = "\"HotProspects/Preview Content\"";
				DEVELOPMENT_TEAM = 856AXWZ5VZ;
				ENABLE_PREVIEWS = YES;
				GENERATE_INFOPLIST_FILE = YES;
				INFOPLIST_KEY_NSCameraUsageDescription = "We need to scan QR codes";
				INFOPLIST_KEY_NSPhotoLibraryAddUsageDescription = "We want to save your QR code";
				INFOPLIST_KEY_UIApplicationSceneManifest_Generation = YES;
				INFOPLIST_KEY_UIApplicationSupportsIndirectInputEvents = YES;
				INFOPLIST_KEY_UILaunchScreen_Generation = YES;
				INFOPLIST_KEY_UISupportedInterfaceOrientations_iPad = "UIInterfaceOrientationPortrait UIInterfaceOrientationPortraitUpsideDown UIInterfaceOrientationLandscapeLeft UIInterfaceOrientationLandscapeRight";
				INFOPLIST_KEY_UISupportedInterfaceOrientations_iPhone = "UIInterfaceOrientationPortrait UIInterfaceOrientationLandscapeLeft UIInterfaceOrientationLandscapeRight";
				LD_RUNPATH_SEARCH_PATHS = (
					"$(inherited)",
					"@executable_path/Frameworks",
				);
				MARKETING_VERSION = 1.0;
				PRODUCT_BUNDLE_IDENTIFIER = LMG.HotProspects;
				PRODUCT_NAME = "$(TARGET_NAME)";
				SWIFT_EMIT_LOC_STRINGS = YES;
				SWIFT_VERSION = 5.0;
				TARGETED_DEVICE_FAMILY = "1,2";
			};
			name = Debug;
		};
		35E055C528438FF40069BCD1 /* Release */ = {
			isa = XCBuildConfiguration;
			buildSettings = {
				ASSETCATALOG_COMPILER_APPICON_NAME = AppIcon;
				ASSETCATALOG_COMPILER_GLOBAL_ACCENT_COLOR_NAME = AccentColor;
				CODE_SIGN_STYLE = Automatic;
				CURRENT_PROJECT_VERSION = 1;
				DEVELOPMENT_ASSET_PATHS = "\"HotProspects/Preview Content\"";
				DEVELOPMENT_TEAM = 856AXWZ5VZ;
				ENABLE_PREVIEWS = YES;
				GENERATE_INFOPLIST_FILE = YES;
				INFOPLIST_KEY_NSCameraUsageDescription = "We need to scan QR codes";
				INFOPLIST_KEY_NSPhotoLibraryAddUsageDescription = "We want to save your QR code";
				INFOPLIST_KEY_UIApplicationSceneManifest_Generation = YES;
				INFOPLIST_KEY_UIApplicationSupportsIndirectInputEvents = YES;
				INFOPLIST_KEY_UILaunchScreen_Generation = YES;
				INFOPLIST_KEY_UISupportedInterfaceOrientations_iPad = "UIInterfaceOrientationPortrait UIInterfaceOrientationPortraitUpsideDown UIInterfaceOrientationLandscapeLeft UIInterfaceOrientationLandscapeRight";
				INFOPLIST_KEY_UISupportedInterfaceOrientations_iPhone = "UIInterfaceOrientationPortrait UIInterfaceOrientationLandscapeLeft UIInterfaceOrientationLandscapeRight";
				LD_RUNPATH_SEARCH_PATHS = (
					"$(inherited)",
					"@executable_path/Frameworks",
				);
				MARKETING_VERSION = 1.0;
				PRODUCT_BUNDLE_IDENTIFIER = LMG.HotProspects;
				PRODUCT_NAME = "$(TARGET_NAME)";
				SWIFT_EMIT_LOC_STRINGS = YES;
				SWIFT_VERSION = 5.0;
				TARGETED_DEVICE_FAMILY = "1,2";
			};
			name = Release;
		};
/* End XCBuildConfiguration section */

/* Begin XCConfigurationList section */
		35E055B028438FF20069BCD1 /* Build configuration list for PBXProject "HotProspectsV2.0" */ = {
			isa = XCConfigurationList;
			buildConfigurations = (
				35E055C128438FF40069BCD1 /* Debug */,
				35E055C228438FF40069BCD1 /* Release */,
			);
			defaultConfigurationIsVisible = 0;
			defaultConfigurationName = Release;
		};
		35E055C328438FF40069BCD1 /* Build configuration list for PBXNativeTarget "HotProspects" */ = {
			isa = XCConfigurationList;
			buildConfigurations = (
				35E055C428438FF40069BCD1 /* Debug */,
				35E055C528438FF40069BCD1 /* Release */,
			);
			defaultConfigurationIsVisible = 0;
			defaultConfigurationName = Release;
		};
/* End XCConfigurationList section */

/* Begin XCRemoteSwiftPackageReference section */
		358D4CB22849024B0059ADFB /* XCRemoteSwiftPackageReference "CodeScanner" */ = {
			isa = XCRemoteSwiftPackageReference;
			repositoryURL = "https://github.com/twostraws/CodeScanner";
			requirement = {
				kind = upToNextMajorVersion;
				minimumVersion = 2.0.0;
			};
		};
		358D4CBB284A5A160059ADFB /* XCRemoteSwiftPackageReference "CodeScanner" */ = {
			isa = XCRemoteSwiftPackageReference;
			repositoryURL = "https://github.com/twostraws/CodeScanner";
			requirement = {
				branch = main;
				kind = branch;
			};
		};
		35E055C62845FA3C0069BCD1 /* XCRemoteSwiftPackageReference "SamplePackage" */ = {
			isa = XCRemoteSwiftPackageReference;
			repositoryURL = "https://github.com/twostraws/SamplePackage";
			requirement = {
				kind = upToNextMajorVersion;
				minimumVersion = 1.0.0;
			};
		};
/* End XCRemoteSwiftPackageReference section */

/* Begin XCSwiftPackageProductDependency section */
		358D4CB32849024B0059ADFB /* CodeScanner */ = {
			isa = XCSwiftPackageProductDependency;
			package = 358D4CB22849024B0059ADFB /* XCRemoteSwiftPackageReference "CodeScanner" */;
			productName = CodeScanner;
		};
		358D4CBC284A5A160059ADFB /* CodeScanner */ = {
			isa = XCSwiftPackageProductDependency;
			package = 358D4CBB284A5A160059ADFB /* XCRemoteSwiftPackageReference "CodeScanner" */;
			productName = CodeScanner;
		};
		35E055C72845FA3C0069BCD1 /* SamplePackage */ = {
			isa = XCSwiftPackageProductDependency;
			package = 35E055C62845FA3C0069BCD1 /* XCRemoteSwiftPackageReference "SamplePackage" */;
			productName = SamplePackage;
		};
/* End XCSwiftPackageProductDependency section */
	};
	rootObject = 35E055AD28438FF20069BCD1 /* Project object */;
}
