// !$*UTF8*$!
{
	archiveVersion = 1;
	classes = {
	};
	objectVersion = 55;
	objects = {

/* Begin PBXBuildFile section */
		355FBCF828776A4B00EF783E /* SwiftfulToDoApp.swift in Sources */ = {isa = PBXBuildFile; fileRef = 355FBCF728776A4B00EF783E /* SwiftfulToDoApp.swift */; };
		355FBCFC28776A4C00EF783E /* Assets.xcassets in Resources */ = {isa = PBXBuildFile; fileRef = 355FBCFB28776A4C00EF783E /* Assets.xcassets */; };
		355FBCFF28776A4C00EF783E /* Preview Assets.xcassets in Resources */ = {isa = PBXBuildFile; fileRef = 355FBCFE28776A4C00EF783E /* Preview Assets.xcassets */; };
		355FBD0728776AEB00EF783E /* ListView.swift in Sources */ = {isa = PBXBuildFile; fileRef = 355FBD0628776AEB00EF783E /* ListView.swift */; };
		355FBD0928776C0300EF783E /* ListRowView.swift in Sources */ = {isa = PBXBuildFile; fileRef = 355FBD0828776C0300EF783E /* ListRowView.swift */; };
		355FBD0B28776D6500EF783E /* AddView.swift in Sources */ = {isa = PBXBuildFile; fileRef = 355FBD0A28776D6500EF783E /* AddView.swift */; };
		355FBD0E2877FC3F00EF783E /* ItemModel.swift in Sources */ = {isa = PBXBuildFile; fileRef = 355FBD0D2877FC3F00EF783E /* ItemModel.swift */; };
		355FBD112878003200EF783E /* ListViewModel.swift in Sources */ = {isa = PBXBuildFile; fileRef = 355FBD102878003200EF783E /* ListViewModel.swift */; };
		355FBD13287983E500EF783E /* NoItemsView.swift in Sources */ = {isa = PBXBuildFile; fileRef = 355FBD12287983E500EF783E /* NoItemsView.swift */; };
		355FBD1528799DED00EF783E /* LaunchScreen.storyboard in Resources */ = {isa = PBXBuildFile; fileRef = 355FBD1428799DED00EF783E /* LaunchScreen.storyboard */; };
/* End PBXBuildFile section */

/* Begin PBXFileReference section */
		355FBCF428776A4B00EF783E /* Do stuff.app */ = {isa = PBXFileReference; explicitFileType = wrapper.application; includeInIndex = 0; path = "Do stuff.app"; sourceTree = BUILT_PRODUCTS_DIR; };
		355FBCF728776A4B00EF783E /* SwiftfulToDoApp.swift */ = {isa = PBXFileReference; lastKnownFileType = sourcecode.swift; path = SwiftfulToDoApp.swift; sourceTree = "<group>"; };
		355FBCFB28776A4C00EF783E /* Assets.xcassets */ = {isa = PBXFileReference; lastKnownFileType = folder.assetcatalog; path = Assets.xcassets; sourceTree = "<group>"; };
		355FBCFE28776A4C00EF783E /* Preview Assets.xcassets */ = {isa = PBXFileReference; lastKnownFileType = folder.assetcatalog; path = "Preview Assets.xcassets"; sourceTree = "<group>"; };
		355FBD0628776AEB00EF783E /* ListView.swift */ = {isa = PBXFileReference; lastKnownFileType = sourcecode.swift; path = ListView.swift; sourceTree = "<group>"; };
		355FBD0828776C0300EF783E /* ListRowView.swift */ = {isa = PBXFileReference; lastKnownFileType = sourcecode.swift; path = ListRowView.swift; sourceTree = "<group>"; };
		355FBD0A28776D6500EF783E /* AddView.swift */ = {isa = PBXFileReference; lastKnownFileType = sourcecode.swift; path = AddView.swift; sourceTree = "<group>"; };
		355FBD0D2877FC3F00EF783E /* ItemModel.swift */ = {isa = PBXFileReference; lastKnownFileType = sourcecode.swift; path = ItemModel.swift; sourceTree = "<group>"; };
		355FBD102878003200EF783E /* ListViewModel.swift */ = {isa = PBXFileReference; lastKnownFileType = sourcecode.swift; path = ListViewModel.swift; sourceTree = "<group>"; };
		355FBD12287983E500EF783E /* NoItemsView.swift */ = {isa = PBXFileReference; lastKnownFileType = sourcecode.swift; path = NoItemsView.swift; sourceTree = "<group>"; };
		355FBD1428799DED00EF783E /* LaunchScreen.storyboard */ = {isa = PBXFileReference; lastKnownFileType = file.storyboard; path = LaunchScreen.storyboard; sourceTree = "<group>"; };
/* End PBXFileReference section */

/* Begin PBXFrameworksBuildPhase section */
		355FBCF128776A4B00EF783E /* Frameworks */ = {
			isa = PBXFrameworksBuildPhase;
			buildActionMask = 2147483647;
			files = (
			);
			runOnlyForDeploymentPostprocessing = 0;
		};
/* End PBXFrameworksBuildPhase section */

/* Begin PBXGroup section */
		355FBCEB28776A4B00EF783E = {
			isa = PBXGroup;
			children = (
				355FBCF628776A4B00EF783E /* SwiftfulToDo */,
				355FBCF528776A4B00EF783E /* Products */,
			);
			sourceTree = "<group>";
		};
		355FBCF528776A4B00EF783E /* Products */ = {
			isa = PBXGroup;
			children = (
				355FBCF428776A4B00EF783E /* Do stuff.app */,
			);
			name = Products;
			sourceTree = "<group>";
		};
		355FBCF628776A4B00EF783E /* SwiftfulToDo */ = {
			isa = PBXGroup;
			children = (
				355FBCF728776A4B00EF783E /* SwiftfulToDoApp.swift */,
				355FBD0C2877FC2500EF783E /* Models */,
				355FBD0F2878000F00EF783E /* ViewModels */,
				355FBD0528776ADC00EF783E /* Views */,
				355FBCFB28776A4C00EF783E /* Assets.xcassets */,
				355FBCFD28776A4C00EF783E /* Preview Content */,
			);
			path = SwiftfulToDo;
			sourceTree = "<group>";
		};
		355FBCFD28776A4C00EF783E /* Preview Content */ = {
			isa = PBXGroup;
			children = (
				355FBCFE28776A4C00EF783E /* Preview Assets.xcassets */,
			);
			path = "Preview Content";
			sourceTree = "<group>";
		};
		355FBD0528776ADC00EF783E /* Views */ = {
			isa = PBXGroup;
			children = (
				355FBD0628776AEB00EF783E /* ListView.swift */,
				355FBD12287983E500EF783E /* NoItemsView.swift */,
				355FBD0A28776D6500EF783E /* AddView.swift */,
				355FBD0828776C0300EF783E /* ListRowView.swift */,
				355FBD1428799DED00EF783E /* LaunchScreen.storyboard */,
			);
			path = Views;
			sourceTree = "<group>";
		};
		355FBD0C2877FC2500EF783E /* Models */ = {
			isa = PBXGroup;
			children = (
				355FBD0D2877FC3F00EF783E /* ItemModel.swift */,
			);
			path = Models;
			sourceTree = "<group>";
		};
		355FBD0F2878000F00EF783E /* ViewModels */ = {
			isa = PBXGroup;
			children = (
				355FBD102878003200EF783E /* ListViewModel.swift */,
			);
			path = ViewModels;
			sourceTree = "<group>";
		};
/* End PBXGroup section */

/* Begin PBXNativeTarget section */
		355FBCF328776A4B00EF783E /* SwiftfulToDo */ = {
			isa = PBXNativeTarget;
			buildConfigurationList = 355FBD0228776A4C00EF783E /* Build configuration list for PBXNativeTarget "SwiftfulToDo" */;
			buildPhases = (
				355FBCF028776A4B00EF783E /* Sources */,
				355FBCF128776A4B00EF783E /* Frameworks */,
				355FBCF228776A4B00EF783E /* Resources */,
			);
			buildRules = (
			);
			dependencies = (
			);
			name = SwiftfulToDo;
			productName = SwiftfulToDo;
			productReference = 355FBCF428776A4B00EF783E /* Do stuff.app */;
			productType = "com.apple.product-type.application";
		};
/* End PBXNativeTarget section */

/* Begin PBXProject section */
		355FBCEC28776A4B00EF783E /* Project object */ = {
			isa = PBXProject;
			attributes = {
				BuildIndependentTargetsInParallel = 1;
				LastSwiftUpdateCheck = 1340;
				LastUpgradeCheck = 1340;
				TargetAttributes = {
					355FBCF328776A4B00EF783E = {
						CreatedOnToolsVersion = 13.4.1;
					};
				};
			};
			buildConfigurationList = 355FBCEF28776A4B00EF783E /* Build configuration list for PBXProject "SwiftfulToDo" */;
			compatibilityVersion = "Xcode 13.0";
			developmentRegion = en;
			hasScannedForEncodings = 0;
			knownRegions = (
				en,
				Base,
			);
			mainGroup = 355FBCEB28776A4B00EF783E;
			productRefGroup = 355FBCF528776A4B00EF783E /* Products */;
			projectDirPath = "";
			projectRoot = "";
			targets = (
				355FBCF328776A4B00EF783E /* SwiftfulToDo */,
			);
		};
/* End PBXProject section */

/* Begin PBXResourcesBuildPhase section */
		355FBCF228776A4B00EF783E /* Resources */ = {
			isa = PBXResourcesBuildPhase;
			buildActionMask = 2147483647;
			files = (
				355FBD1528799DED00EF783E /* LaunchScreen.storyboard in Resources */,
				355FBCFF28776A4C00EF783E /* Preview Assets.xcassets in Resources */,
				355FBCFC28776A4C00EF783E /* Assets.xcassets in Resources */,
			);
			runOnlyForDeploymentPostprocessing = 0;
		};
/* End PBXResourcesBuildPhase section */

/* Begin PBXSourcesBuildPhase section */
		355FBCF028776A4B00EF783E /* Sources */ = {
			isa = PBXSourcesBuildPhase;
			buildActionMask = 2147483647;
			files = (
				355FBD0E2877FC3F00EF783E /* ItemModel.swift in Sources */,
				355FBD0B28776D6500EF783E /* AddView.swift in Sources */,
				355FBD112878003200EF783E /* ListViewModel.swift in Sources */,
				355FBCF828776A4B00EF783E /* SwiftfulToDoApp.swift in Sources */,
				355FBD0728776AEB00EF783E /* ListView.swift in Sources */,
				355FBD13287983E500EF783E /* NoItemsView.swift in Sources */,
				355FBD0928776C0300EF783E /* ListRowView.swift in Sources */,
			);
			runOnlyForDeploymentPostprocessing = 0;
		};
/* End PBXSourcesBuildPhase section */

/* Begin XCBuildConfiguration section */
		355FBD0028776A4C00EF783E /* Debug */ = {
			isa = XCBuildConfiguration;
			buildSettings = {
				ALWAYS_SEARCH_USER_PATHS = NO;
				CLANG_ANALYZER_NONNULL = YES;
				CLANG_ANALYZER_NUMBER_OBJECT_CONVERSION = YES_AGGRESSIVE;
				CLANG_CXX_LANGUAGE_STANDARD = "gnu++17";
				CLANG_ENABLE_MODULES = YES;
				CLANG_ENABLE_OBJC_ARC = YES;
				CLANG_ENABLE_OBJC_WEAK = YES;
				CLANG_WARN_BLOCK_CAPTURE_AUTORELEASING = YES;
				CLANG_WARN_BOOL_CONVERSION = YES;
				CLANG_WARN_COMMA = YES;
				CLANG_WARN_CONSTANT_CONVERSION = YES;
				CLANG_WARN_DEPRECATED_OBJC_IMPLEMENTATIONS = YES;
				CLANG_WARN_DIRECT_OBJC_ISA_USAGE = YES_ERROR;
				CLANG_WARN_DOCUMENTATION_COMMENTS = YES;
				CLANG_WARN_EMPTY_BODY = YES;
				CLANG_WARN_ENUM_CONVERSION = YES;
				CLANG_WARN_INFINITE_RECURSION = YES;
				CLANG_WARN_INT_CONVERSION = YES;
				CLANG_WARN_NON_LITERAL_NULL_CONVERSION = YES;
				CLANG_WARN_OBJC_IMPLICIT_RETAIN_SELF = YES;
				CLANG_WARN_OBJC_LITERAL_CONVERSION = YES;
				CLANG_WARN_OBJC_ROOT_CLASS = YES_ERROR;
				CLANG_WARN_QUOTED_INCLUDE_IN_FRAMEWORK_HEADER = YES;
				CLANG_WARN_RANGE_LOOP_ANALYSIS = YES;
				CLANG_WARN_STRICT_PROTOTYPES = YES;
				CLANG_WARN_SUSPICIOUS_MOVE = YES;
				CLANG_WARN_UNGUARDED_AVAILABILITY = YES_AGGRESSIVE;
				CLANG_WARN_UNREACHABLE_CODE = YES;
				CLANG_WARN__DUPLICATE_METHOD_MATCH = YES;
				COPY_PHASE_STRIP = NO;
				DEBUG_INFORMATION_FORMAT = dwarf;
				ENABLE_STRICT_OBJC_MSGSEND = YES;
				ENABLE_TESTABILITY = YES;
				GCC_C_LANGUAGE_STANDARD = gnu11;
				GCC_DYNAMIC_NO_PIC = NO;
				GCC_NO_COMMON_BLOCKS = YES;
				GCC_OPTIMIZATION_LEVEL = 0;
				GCC_PREPROCESSOR_DEFINITIONS = (
					"DEBUG=1",
					"$(inherited)",
				);
				GCC_WARN_64_TO_32_BIT_CONVERSION = YES;
				GCC_WARN_ABOUT_RETURN_TYPE = YES_ERROR;
				GCC_WARN_UNDECLARED_SELECTOR = YES;
				GCC_WARN_UNINITIALIZED_AUTOS = YES_AGGRESSIVE;
				GCC_WARN_UNUSED_FUNCTION = YES;
				GCC_WARN_UNUSED_VARIABLE = YES;
				IPHONEOS_DEPLOYMENT_TARGET = 15.5;
				MTL_ENABLE_DEBUG_INFO = INCLUDE_SOURCE;
				MTL_FAST_MATH = YES;
				ONLY_ACTIVE_ARCH = YES;
				SDKROOT = iphoneos;
				SWIFT_ACTIVE_COMPILATION_CONDITIONS = DEBUG;
				SWIFT_OPTIMIZATION_LEVEL = "-Onone";
			};
			name = Debug;
		};
		355FBD0128776A4C00EF783E /* Release */ = {
			isa = XCBuildConfiguration;
			buildSettings = {
				ALWAYS_SEARCH_USER_PATHS = NO;
				CLANG_ANALYZER_NONNULL = YES;
				CLANG_ANALYZER_NUMBER_OBJECT_CONVERSION = YES_AGGRESSIVE;
				CLANG_CXX_LANGUAGE_STANDARD = "gnu++17";
				CLANG_ENABLE_MODULES = YES;
				CLANG_ENABLE_OBJC_ARC = YES;
				CLANG_ENABLE_OBJC_WEAK = YES;
				CLANG_WARN_BLOCK_CAPTURE_AUTORELEASING = YES;
				CLANG_WARN_BOOL_CONVERSION = YES;
				CLANG_WARN_COMMA = YES;
				CLANG_WARN_CONSTANT_CONVERSION = YES;
				CLANG_WARN_DEPRECATED_OBJC_IMPLEMENTATIONS = YES;
				CLANG_WARN_DIRECT_OBJC_ISA_USAGE = YES_ERROR;
				CLANG_WARN_DOCUMENTATION_COMMENTS = YES;
				CLANG_WARN_EMPTY_BODY = YES;
				CLANG_WARN_ENUM_CONVERSION = YES;
				CLANG_WARN_INFINITE_RECURSION = YES;
				CLANG_WARN_INT_CONVERSION = YES;
				CLANG_WARN_NON_LITERAL_NULL_CONVERSION = YES;
				CLANG_WARN_OBJC_IMPLICIT_RETAIN_SELF = YES;
				CLANG_WARN_OBJC_LITERAL_CONVERSION = YES;
				CLANG_WARN_OBJC_ROOT_CLASS = YES_ERROR;
				CLANG_WARN_QUOTED_INCLUDE_IN_FRAMEWORK_HEADER = YES;
				CLANG_WARN_RANGE_LOOP_ANALYSIS = YES;
				CLANG_WARN_STRICT_PROTOTYPES = YES;
				CLANG_WARN_SUSPICIOUS_MOVE = YES;
				CLANG_WARN_UNGUARDED_AVAILABILITY = YES_AGGRESSIVE;
				CLANG_WARN_UNREACHABLE_CODE = YES;
				CLANG_WARN__DUPLICATE_METHOD_MATCH = YES;
				COPY_PHASE_STRIP = NO;
				DEBUG_INFORMATION_FORMAT = "dwarf-with-dsym";
				ENABLE_NS_ASSERTIONS = NO;
				ENABLE_STRICT_OBJC_MSGSEND = YES;
				GCC_C_LANGUAGE_STANDARD = gnu11;
				GCC_NO_COMMON_BLOCKS = YES;
				GCC_WARN_64_TO_32_BIT_CONVERSION = YES;
				GCC_WARN_ABOUT_RETURN_TYPE = YES_ERROR;
				GCC_WARN_UNDECLARED_SELECTOR = YES;
				GCC_WARN_UNINITIALIZED_AUTOS = YES_AGGRESSIVE;
				GCC_WARN_UNUSED_FUNCTION = YES;
				GCC_WARN_UNUSED_VARIABLE = YES;
				IPHONEOS_DEPLOYMENT_TARGET = 15.5;
				MTL_ENABLE_DEBUG_INFO = NO;
				MTL_FAST_MATH = YES;
				SDKROOT = iphoneos;
				SWIFT_COMPILATION_MODE = wholemodule;
				SWIFT_OPTIMIZATION_LEVEL = "-O";
				VALIDATE_PRODUCT = YES;
			};
			name = Release;
		};
		355FBD0328776A4C00EF783E /* Debug */ = {
			isa = XCBuildConfiguration;
			buildSettings = {
				ASSETCATALOG_COMPILER_APPICON_NAME = AppIcon;
				ASSETCATALOG_COMPILER_GLOBAL_ACCENT_COLOR_NAME = AccentColor;
				CODE_SIGN_STYLE = Automatic;
				CURRENT_PROJECT_VERSION = 1;
				DEVELOPMENT_ASSET_PATHS = "\"SwiftfulToDo/Preview Content\"";
				DEVELOPMENT_TEAM = 856AXWZ5VZ;
				ENABLE_PREVIEWS = YES;
				GENERATE_INFOPLIST_FILE = YES;
				INFOPLIST_KEY_UIApplicationSceneManifest_Generation = YES;
				INFOPLIST_KEY_UIApplicationSupportsIndirectInputEvents = YES;
				INFOPLIST_KEY_UILaunchStoryboardName = LaunchScreen;
				INFOPLIST_KEY_UISupportedInterfaceOrientations_iPad = "UIInterfaceOrientationPortrait UIInterfaceOrientationPortraitUpsideDown UIInterfaceOrientationLandscapeLeft UIInterfaceOrientationLandscapeRight";
				INFOPLIST_KEY_UISupportedInterfaceOrientations_iPhone = "UIInterfaceOrientationPortrait UIInterfaceOrientationLandscapeLeft UIInterfaceOrientationLandscapeRight";
				LD_RUNPATH_SEARCH_PATHS = (
					"$(inherited)",
					"@executable_path/Frameworks",
				);
				MARKETING_VERSION = 1.0;
				PRODUCT_BUNDLE_IDENTIFIER = LMG.SwiftfulToDo;
				PRODUCT_NAME = "Do stuff";
				SWIFT_EMIT_LOC_STRINGS = YES;
				SWIFT_VERSION = 5.0;
				TARGETED_DEVICE_FAMILY = "1,2";
			};
			name = Debug;
		};
		355FBD0428776A4C00EF783E /* Release */ = {
			isa = XCBuildConfiguration;
			buildSettings = {
				ASSETCATALOG_COMPILER_APPICON_NAME = AppIcon;
				ASSETCATALOG_COMPILER_GLOBAL_ACCENT_COLOR_NAME = AccentColor;
				CODE_SIGN_STYLE = Automatic;
				CURRENT_PROJECT_VERSION = 1;
				DEVELOPMENT_ASSET_PATHS = "\"SwiftfulToDo/Preview Content\"";
				DEVELOPMENT_TEAM = 856AXWZ5VZ;
				ENABLE_PREVIEWS = YES;
				GENERATE_INFOPLIST_FILE = YES;
				INFOPLIST_KEY_UIApplicationSceneManifest_Generation = YES;
				INFOPLIST_KEY_UIApplicationSupportsIndirectInputEvents = YES;
				INFOPLIST_KEY_UILaunchStoryboardName = LaunchScreen;
				INFOPLIST_KEY_UISupportedInterfaceOrientations_iPad = "UIInterfaceOrientationPortrait UIInterfaceOrientationPortraitUpsideDown UIInterfaceOrientationLandscapeLeft UIInterfaceOrientationLandscapeRight";
				INFOPLIST_KEY_UISupportedInterfaceOrientations_iPhone = "UIInterfaceOrientationPortrait UIInterfaceOrientationLandscapeLeft UIInterfaceOrientationLandscapeRight";
				LD_RUNPATH_SEARCH_PATHS = (
					"$(inherited)",
					"@executable_path/Frameworks",
				);
				MARKETING_VERSION = 1.0;
				PRODUCT_BUNDLE_IDENTIFIER = LMG.SwiftfulToDo;
				PRODUCT_NAME = "Do stuff";
				SWIFT_EMIT_LOC_STRINGS = YES;
				SWIFT_VERSION = 5.0;
				TARGETED_DEVICE_FAMILY = "1,2";
			};
			name = Release;
		};
/* End XCBuildConfiguration section */

/* Begin XCConfigurationList section */
		355FBCEF28776A4B00EF783E /* Build configuration list for PBXProject "SwiftfulToDo" */ = {
			isa = XCConfigurationList;
			buildConfigurations = (
				355FBD0028776A4C00EF783E /* Debug */,
				355FBD0128776A4C00EF783E /* Release */,
			);
			defaultConfigurationIsVisible = 0;
			defaultConfigurationName = Release;
		};
		355FBD0228776A4C00EF783E /* Build configuration list for PBXNativeTarget "SwiftfulToDo" */ = {
			isa = XCConfigurationList;
			buildConfigurations = (
				355FBD0328776A4C00EF783E /* Debug */,
				355FBD0428776A4C00EF783E /* Release */,
			);
			defaultConfigurationIsVisible = 0;
			defaultConfigurationName = Release;
		};
/* End XCConfigurationList section */
	};
	rootObject = 355FBCEC28776A4B00EF783E /* Project object */;
}
