// !$*UTF8*$!
{
	archiveVersion = 1;
	classes = {
	};
	objectVersion = 56;
	objects = {

/* Begin PBXBuildFile section */
		35FA38D228F8922500ECF908 /* FileManagerDataFlowExampleApp.swift in Sources */ = {isa = PBXBuildFile; fileRef = 35FA38D128F8922500ECF908 /* FileManagerDataFlowExampleApp.swift */; };
		35FA38D628F8922600ECF908 /* Assets.xcassets in Resources */ = {isa = PBXBuildFile; fileRef = 35FA38D528F8922600ECF908 /* Assets.xcassets */; };
		35FA38DA28F8922600ECF908 /* Preview Assets.xcassets in Resources */ = {isa = PBXBuildFile; fileRef = 35FA38D928F8922600ECF908 /* Preview Assets.xcassets */; };
		35FA38E128F892D800ECF908 /* LocalFileManager.swift in Sources */ = {isa = PBXBuildFile; fileRef = 35FA38E028F892D800ECF908 /* LocalFileManager.swift */; };
		35FA38E328F89CBF00ECF908 /* Data.swift in Sources */ = {isa = PBXBuildFile; fileRef = 35FA38E228F89CBF00ECF908 /* Data.swift */; };
		35FA38E528F8A0CB00ECF908 /* ViewModel.swift in Sources */ = {isa = PBXBuildFile; fileRef = 35FA38E428F8A0CB00ECF908 /* ViewModel.swift */; };
		35FA38E728F9352400ECF908 /* ListView.swift in Sources */ = {isa = PBXBuildFile; fileRef = 35FA38E628F9352400ECF908 /* ListView.swift */; };
		35FA38E928F9353200ECF908 /* DetailView.swift in Sources */ = {isa = PBXBuildFile; fileRef = 35FA38E828F9353200ECF908 /* DetailView.swift */; };
		35FA38F728F93C9700ECF908 /* PreviewProvider.swift in Sources */ = {isa = PBXBuildFile; fileRef = 35FA38F628F93C9700ECF908 /* PreviewProvider.swift */; };
		35FA38FB28F9D9CC00ECF908 /* AddDataView.swift in Sources */ = {isa = PBXBuildFile; fileRef = 35FA38FA28F9D9CC00ECF908 /* AddDataView.swift */; };
/* End PBXBuildFile section */

/* Begin PBXFileReference section */
		35FA38CE28F8922500ECF908 /* FileManagerDataFlowExample.app */ = {isa = PBXFileReference; explicitFileType = wrapper.application; includeInIndex = 0; path = FileManagerDataFlowExample.app; sourceTree = BUILT_PRODUCTS_DIR; };
		35FA38D128F8922500ECF908 /* FileManagerDataFlowExampleApp.swift */ = {isa = PBXFileReference; lastKnownFileType = sourcecode.swift; path = FileManagerDataFlowExampleApp.swift; sourceTree = "<group>"; };
		35FA38D528F8922600ECF908 /* Assets.xcassets */ = {isa = PBXFileReference; lastKnownFileType = folder.assetcatalog; path = Assets.xcassets; sourceTree = "<group>"; };
		35FA38D728F8922600ECF908 /* FileManagerDataFlowExample.entitlements */ = {isa = PBXFileReference; lastKnownFileType = text.plist.entitlements; path = FileManagerDataFlowExample.entitlements; sourceTree = "<group>"; };
		35FA38D928F8922600ECF908 /* Preview Assets.xcassets */ = {isa = PBXFileReference; lastKnownFileType = folder.assetcatalog; path = "Preview Assets.xcassets"; sourceTree = "<group>"; };
		35FA38E028F892D800ECF908 /* LocalFileManager.swift */ = {isa = PBXFileReference; lastKnownFileType = sourcecode.swift; path = LocalFileManager.swift; sourceTree = "<group>"; };
		35FA38E228F89CBF00ECF908 /* Data.swift */ = {isa = PBXFileReference; lastKnownFileType = sourcecode.swift; path = Data.swift; sourceTree = "<group>"; };
		35FA38E428F8A0CB00ECF908 /* ViewModel.swift */ = {isa = PBXFileReference; lastKnownFileType = sourcecode.swift; path = ViewModel.swift; sourceTree = "<group>"; };
		35FA38E628F9352400ECF908 /* ListView.swift */ = {isa = PBXFileReference; lastKnownFileType = sourcecode.swift; path = ListView.swift; sourceTree = "<group>"; };
		35FA38E828F9353200ECF908 /* DetailView.swift */ = {isa = PBXFileReference; lastKnownFileType = sourcecode.swift; path = DetailView.swift; sourceTree = "<group>"; };
		35FA38F628F93C9700ECF908 /* PreviewProvider.swift */ = {isa = PBXFileReference; lastKnownFileType = sourcecode.swift; path = PreviewProvider.swift; sourceTree = "<group>"; };
		35FA38FA28F9D9CC00ECF908 /* AddDataView.swift */ = {isa = PBXFileReference; lastKnownFileType = sourcecode.swift; path = AddDataView.swift; sourceTree = "<group>"; };
/* End PBXFileReference section */

/* Begin PBXFrameworksBuildPhase section */
		35FA38CB28F8922500ECF908 /* Frameworks */ = {
			isa = PBXFrameworksBuildPhase;
			buildActionMask = 2147483647;
			files = (
			);
			runOnlyForDeploymentPostprocessing = 0;
		};
/* End PBXFrameworksBuildPhase section */

/* Begin PBXGroup section */
		35FA38C528F8922500ECF908 = {
			isa = PBXGroup;
			children = (
				35FA38D028F8922500ECF908 /* FileManagerDataFlowExample */,
				35FA38CF28F8922500ECF908 /* Products */,
			);
			sourceTree = "<group>";
		};
		35FA38CF28F8922500ECF908 /* Products */ = {
			isa = PBXGroup;
			children = (
				35FA38CE28F8922500ECF908 /* FileManagerDataFlowExample.app */,
			);
			name = Products;
			sourceTree = "<group>";
		};
		35FA38D028F8922500ECF908 /* FileManagerDataFlowExample */ = {
			isa = PBXGroup;
			children = (
				35FA38D128F8922500ECF908 /* FileManagerDataFlowExampleApp.swift */,
				35FA38E028F892D800ECF908 /* LocalFileManager.swift */,
				35FA38E228F89CBF00ECF908 /* Data.swift */,
				35FA38F328F939CF00ECF908 /* MainViews */,
				35FA38D528F8922600ECF908 /* Assets.xcassets */,
				35FA38D728F8922600ECF908 /* FileManagerDataFlowExample.entitlements */,
				35FA38D828F8922600ECF908 /* Preview Content */,
			);
			path = FileManagerDataFlowExample;
			sourceTree = "<group>";
		};
		35FA38D828F8922600ECF908 /* Preview Content */ = {
			isa = PBXGroup;
			children = (
				35FA38F628F93C9700ECF908 /* PreviewProvider.swift */,
				35FA38D928F8922600ECF908 /* Preview Assets.xcassets */,
			);
			path = "Preview Content";
			sourceTree = "<group>";
		};
		35FA38F328F939CF00ECF908 /* MainViews */ = {
			isa = PBXGroup;
			children = (
				35FA38E428F8A0CB00ECF908 /* ViewModel.swift */,
				35FA38E628F9352400ECF908 /* ListView.swift */,
				35FA38E828F9353200ECF908 /* DetailView.swift */,
				35FA38FA28F9D9CC00ECF908 /* AddDataView.swift */,
			);
			path = MainViews;
			sourceTree = "<group>";
		};
/* End PBXGroup section */

/* Begin PBXNativeTarget section */
		35FA38CD28F8922500ECF908 /* FileManagerDataFlowExample */ = {
			isa = PBXNativeTarget;
			buildConfigurationList = 35FA38DD28F8922600ECF908 /* Build configuration list for PBXNativeTarget "FileManagerDataFlowExample" */;
			buildPhases = (
				35FA38CA28F8922500ECF908 /* Sources */,
				35FA38CB28F8922500ECF908 /* Frameworks */,
				35FA38CC28F8922500ECF908 /* Resources */,
			);
			buildRules = (
			);
			dependencies = (
			);
			name = FileManagerDataFlowExample;
			productName = FileManagerDataFlowExample;
			productReference = 35FA38CE28F8922500ECF908 /* FileManagerDataFlowExample.app */;
			productType = "com.apple.product-type.application";
		};
/* End PBXNativeTarget section */

/* Begin PBXProject section */
		35FA38C628F8922500ECF908 /* Project object */ = {
			isa = PBXProject;
			attributes = {
				BuildIndependentTargetsInParallel = 1;
				LastSwiftUpdateCheck = 1400;
				LastUpgradeCheck = 1400;
				TargetAttributes = {
					35FA38CD28F8922500ECF908 = {
						CreatedOnToolsVersion = 14.0;
					};
				};
			};
			buildConfigurationList = 35FA38C928F8922500ECF908 /* Build configuration list for PBXProject "FileManagerDataFlowExample" */;
			compatibilityVersion = "Xcode 14.0";
			developmentRegion = en;
			hasScannedForEncodings = 0;
			knownRegions = (
				en,
				Base,
			);
			mainGroup = 35FA38C528F8922500ECF908;
			productRefGroup = 35FA38CF28F8922500ECF908 /* Products */;
			projectDirPath = "";
			projectRoot = "";
			targets = (
				35FA38CD28F8922500ECF908 /* FileManagerDataFlowExample */,
			);
		};
/* End PBXProject section */

/* Begin PBXResourcesBuildPhase section */
		35FA38CC28F8922500ECF908 /* Resources */ = {
			isa = PBXResourcesBuildPhase;
			buildActionMask = 2147483647;
			files = (
				35FA38DA28F8922600ECF908 /* Preview Assets.xcassets in Resources */,
				35FA38D628F8922600ECF908 /* Assets.xcassets in Resources */,
			);
			runOnlyForDeploymentPostprocessing = 0;
		};
/* End PBXResourcesBuildPhase section */

/* Begin PBXSourcesBuildPhase section */
		35FA38CA28F8922500ECF908 /* Sources */ = {
			isa = PBXSourcesBuildPhase;
			buildActionMask = 2147483647;
			files = (
				35FA38E528F8A0CB00ECF908 /* ViewModel.swift in Sources */,
				35FA38E928F9353200ECF908 /* DetailView.swift in Sources */,
				35FA38D228F8922500ECF908 /* FileManagerDataFlowExampleApp.swift in Sources */,
				35FA38E728F9352400ECF908 /* ListView.swift in Sources */,
				35FA38E128F892D800ECF908 /* LocalFileManager.swift in Sources */,
				35FA38FB28F9D9CC00ECF908 /* AddDataView.swift in Sources */,
				35FA38F728F93C9700ECF908 /* PreviewProvider.swift in Sources */,
				35FA38E328F89CBF00ECF908 /* Data.swift in Sources */,
			);
			runOnlyForDeploymentPostprocessing = 0;
		};
/* End PBXSourcesBuildPhase section */

/* Begin XCBuildConfiguration section */
		35FA38DB28F8922600ECF908 /* Debug */ = {
			isa = XCBuildConfiguration;
			buildSettings = {
				ALWAYS_SEARCH_USER_PATHS = NO;
				CLANG_ANALYZER_NONNULL = YES;
				CLANG_ANALYZER_NUMBER_OBJECT_CONVERSION = YES_AGGRESSIVE;
				CLANG_CXX_LANGUAGE_STANDARD = "gnu++20";
				CLANG_ENABLE_MODULES = YES;
				CLANG_ENABLE_OBJC_ARC = YES;
				CLANG_ENABLE_OBJC_WEAK = YES;
				CLANG_WARN_BLOCK_CAPTURE_AUTORELEASING = YES;
				CLANG_WARN_BOOL_CONVERSION = YES;
				CLANG_WARN_COMMA = YES;
				CLANG_WARN_CONSTANT_CONVERSION = YES;
				CLANG_WARN_DEPRECATED_OBJC_IMPLEMENTATIONS = YES;
				CLANG_WARN_DIRECT_OBJC_ISA_USAGE = YES_ERROR;
				CLANG_WARN_DOCUMENTATION_COMMENTS = YES;
				CLANG_WARN_EMPTY_BODY = YES;
				CLANG_WARN_ENUM_CONVERSION = YES;
				CLANG_WARN_INFINITE_RECURSION = YES;
				CLANG_WARN_INT_CONVERSION = YES;
				CLANG_WARN_NON_LITERAL_NULL_CONVERSION = YES;
				CLANG_WARN_OBJC_IMPLICIT_RETAIN_SELF = YES;
				CLANG_WARN_OBJC_LITERAL_CONVERSION = YES;
				CLANG_WARN_OBJC_ROOT_CLASS = YES_ERROR;
				CLANG_WARN_QUOTED_INCLUDE_IN_FRAMEWORK_HEADER = YES;
				CLANG_WARN_RANGE_LOOP_ANALYSIS = YES;
				CLANG_WARN_STRICT_PROTOTYPES = YES;
				CLANG_WARN_SUSPICIOUS_MOVE = YES;
				CLANG_WARN_UNGUARDED_AVAILABILITY = YES_AGGRESSIVE;
				CLANG_WARN_UNREACHABLE_CODE = YES;
				CLANG_WARN__DUPLICATE_METHOD_MATCH = YES;
				COPY_PHASE_STRIP = NO;
				DEBUG_INFORMATION_FORMAT = dwarf;
				ENABLE_STRICT_OBJC_MSGSEND = YES;
				ENABLE_TESTABILITY = YES;
				GCC_C_LANGUAGE_STANDARD = gnu11;
				GCC_DYNAMIC_NO_PIC = NO;
				GCC_NO_COMMON_BLOCKS = YES;
				GCC_OPTIMIZATION_LEVEL = 0;
				GCC_PREPROCESSOR_DEFINITIONS = (
					"DEBUG=1",
					"$(inherited)",
				);
				GCC_WARN_64_TO_32_BIT_CONVERSION = YES;
				GCC_WARN_ABOUT_RETURN_TYPE = YES_ERROR;
				GCC_WARN_UNDECLARED_SELECTOR = YES;
				GCC_WARN_UNINITIALIZED_AUTOS = YES_AGGRESSIVE;
				GCC_WARN_UNUSED_FUNCTION = YES;
				GCC_WARN_UNUSED_VARIABLE = YES;
				MTL_ENABLE_DEBUG_INFO = INCLUDE_SOURCE;
				MTL_FAST_MATH = YES;
				ONLY_ACTIVE_ARCH = YES;
				SWIFT_ACTIVE_COMPILATION_CONDITIONS = DEBUG;
				SWIFT_OPTIMIZATION_LEVEL = "-Onone";
			};
			name = Debug;
		};
		35FA38DC28F8922600ECF908 /* Release */ = {
			isa = XCBuildConfiguration;
			buildSettings = {
				ALWAYS_SEARCH_USER_PATHS = NO;
				CLANG_ANALYZER_NONNULL = YES;
				CLANG_ANALYZER_NUMBER_OBJECT_CONVERSION = YES_AGGRESSIVE;
				CLANG_CXX_LANGUAGE_STANDARD = "gnu++20";
				CLANG_ENABLE_MODULES = YES;
				CLANG_ENABLE_OBJC_ARC = YES;
				CLANG_ENABLE_OBJC_WEAK = YES;
				CLANG_WARN_BLOCK_CAPTURE_AUTORELEASING = YES;
				CLANG_WARN_BOOL_CONVERSION = YES;
				CLANG_WARN_COMMA = YES;
				CLANG_WARN_CONSTANT_CONVERSION = YES;
				CLANG_WARN_DEPRECATED_OBJC_IMPLEMENTATIONS = YES;
				CLANG_WARN_DIRECT_OBJC_ISA_USAGE = YES_ERROR;
				CLANG_WARN_DOCUMENTATION_COMMENTS = YES;
				CLANG_WARN_EMPTY_BODY = YES;
				CLANG_WARN_ENUM_CONVERSION = YES;
				CLANG_WARN_INFINITE_RECURSION = YES;
				CLANG_WARN_INT_CONVERSION = YES;
				CLANG_WARN_NON_LITERAL_NULL_CONVERSION = YES;
				CLANG_WARN_OBJC_IMPLICIT_RETAIN_SELF = YES;
				CLANG_WARN_OBJC_LITERAL_CONVERSION = YES;
				CLANG_WARN_OBJC_ROOT_CLASS = YES_ERROR;
				CLANG_WARN_QUOTED_INCLUDE_IN_FRAMEWORK_HEADER = YES;
				CLANG_WARN_RANGE_LOOP_ANALYSIS = YES;
				CLANG_WARN_STRICT_PROTOTYPES = YES;
				CLANG_WARN_SUSPICIOUS_MOVE = YES;
				CLANG_WARN_UNGUARDED_AVAILABILITY = YES_AGGRESSIVE;
				CLANG_WARN_UNREACHABLE_CODE = YES;
				CLANG_WARN__DUPLICATE_METHOD_MATCH = YES;
				COPY_PHASE_STRIP = NO;
				DEBUG_INFORMATION_FORMAT = "dwarf-with-dsym";
				ENABLE_NS_ASSERTIONS = NO;
				ENABLE_STRICT_OBJC_MSGSEND = YES;
				GCC_C_LANGUAGE_STANDARD = gnu11;
				GCC_NO_COMMON_BLOCKS = YES;
				GCC_WARN_64_TO_32_BIT_CONVERSION = YES;
				GCC_WARN_ABOUT_RETURN_TYPE = YES_ERROR;
				GCC_WARN_UNDECLARED_SELECTOR = YES;
				GCC_WARN_UNINITIALIZED_AUTOS = YES_AGGRESSIVE;
				GCC_WARN_UNUSED_FUNCTION = YES;
				GCC_WARN_UNUSED_VARIABLE = YES;
				MTL_ENABLE_DEBUG_INFO = NO;
				MTL_FAST_MATH = YES;
				SWIFT_COMPILATION_MODE = wholemodule;
				SWIFT_OPTIMIZATION_LEVEL = "-O";
			};
			name = Release;
		};
		35FA38DE28F8922600ECF908 /* Debug */ = {
			isa = XCBuildConfiguration;
			buildSettings = {
				ASSETCATALOG_COMPILER_APPICON_NAME = AppIcon;
				ASSETCATALOG_COMPILER_GLOBAL_ACCENT_COLOR_NAME = AccentColor;
				CODE_SIGN_ENTITLEMENTS = FileManagerDataFlowExample/FileManagerDataFlowExample.entitlements;
				CODE_SIGN_STYLE = Automatic;
				CURRENT_PROJECT_VERSION = 1;
				DEVELOPMENT_ASSET_PATHS = "\"FileManagerDataFlowExample/Preview Content\"";
				DEVELOPMENT_TEAM = 8KT99V2DNB;
				ENABLE_HARDENED_RUNTIME = YES;
				ENABLE_PREVIEWS = YES;
				GENERATE_INFOPLIST_FILE = YES;
				"INFOPLIST_KEY_UIApplicationSceneManifest_Generation[sdk=iphoneos*]" = YES;
				"INFOPLIST_KEY_UIApplicationSceneManifest_Generation[sdk=iphonesimulator*]" = YES;
				"INFOPLIST_KEY_UIApplicationSupportsIndirectInputEvents[sdk=iphoneos*]" = YES;
				"INFOPLIST_KEY_UIApplicationSupportsIndirectInputEvents[sdk=iphonesimulator*]" = YES;
				"INFOPLIST_KEY_UILaunchScreen_Generation[sdk=iphoneos*]" = YES;
				"INFOPLIST_KEY_UILaunchScreen_Generation[sdk=iphonesimulator*]" = YES;
				"INFOPLIST_KEY_UIStatusBarStyle[sdk=iphoneos*]" = UIStatusBarStyleDefault;
				"INFOPLIST_KEY_UIStatusBarStyle[sdk=iphonesimulator*]" = UIStatusBarStyleDefault;
				INFOPLIST_KEY_UISupportedInterfaceOrientations_iPad = "UIInterfaceOrientationPortrait UIInterfaceOrientationPortraitUpsideDown UIInterfaceOrientationLandscapeLeft UIInterfaceOrientationLandscapeRight";
				INFOPLIST_KEY_UISupportedInterfaceOrientations_iPhone = "UIInterfaceOrientationPortrait UIInterfaceOrientationLandscapeLeft UIInterfaceOrientationLandscapeRight";
				IPHONEOS_DEPLOYMENT_TARGET = 16.0;
				LD_RUNPATH_SEARCH_PATHS = "@executable_path/Frameworks";
				"LD_RUNPATH_SEARCH_PATHS[sdk=macosx*]" = "@executable_path/../Frameworks";
				MACOSX_DEPLOYMENT_TARGET = 12.3;
				MARKETING_VERSION = 1.0;
				PRODUCT_BUNDLE_IDENTIFIER = com.lmg.FileManagerDataFlowExample;
				PRODUCT_NAME = "$(TARGET_NAME)";
				SDKROOT = auto;
				SUPPORTED_PLATFORMS = "iphoneos iphonesimulator macosx";
				SWIFT_EMIT_LOC_STRINGS = YES;
				SWIFT_VERSION = 5.0;
				TARGETED_DEVICE_FAMILY = "1,2";
			};
			name = Debug;
		};
		35FA38DF28F8922600ECF908 /* Release */ = {
			isa = XCBuildConfiguration;
			buildSettings = {
				ASSETCATALOG_COMPILER_APPICON_NAME = AppIcon;
				ASSETCATALOG_COMPILER_GLOBAL_ACCENT_COLOR_NAME = AccentColor;
				CODE_SIGN_ENTITLEMENTS = FileManagerDataFlowExample/FileManagerDataFlowExample.entitlements;
				CODE_SIGN_STYLE = Automatic;
				CURRENT_PROJECT_VERSION = 1;
				DEVELOPMENT_ASSET_PATHS = "\"FileManagerDataFlowExample/Preview Content\"";
				DEVELOPMENT_TEAM = 8KT99V2DNB;
				ENABLE_HARDENED_RUNTIME = YES;
				ENABLE_PREVIEWS = YES;
				GENERATE_INFOPLIST_FILE = YES;
				"INFOPLIST_KEY_UIApplicationSceneManifest_Generation[sdk=iphoneos*]" = YES;
				"INFOPLIST_KEY_UIApplicationSceneManifest_Generation[sdk=iphonesimulator*]" = YES;
				"INFOPLIST_KEY_UIApplicationSupportsIndirectInputEvents[sdk=iphoneos*]" = YES;
				"INFOPLIST_KEY_UIApplicationSupportsIndirectInputEvents[sdk=iphonesimulator*]" = YES;
				"INFOPLIST_KEY_UILaunchScreen_Generation[sdk=iphoneos*]" = YES;
				"INFOPLIST_KEY_UILaunchScreen_Generation[sdk=iphonesimulator*]" = YES;
				"INFOPLIST_KEY_UIStatusBarStyle[sdk=iphoneos*]" = UIStatusBarStyleDefault;
				"INFOPLIST_KEY_UIStatusBarStyle[sdk=iphonesimulator*]" = UIStatusBarStyleDefault;
				INFOPLIST_KEY_UISupportedInterfaceOrientations_iPad = "UIInterfaceOrientationPortrait UIInterfaceOrientationPortraitUpsideDown UIInterfaceOrientationLandscapeLeft UIInterfaceOrientationLandscapeRight";
				INFOPLIST_KEY_UISupportedInterfaceOrientations_iPhone = "UIInterfaceOrientationPortrait UIInterfaceOrientationLandscapeLeft UIInterfaceOrientationLandscapeRight";
				IPHONEOS_DEPLOYMENT_TARGET = 16.0;
				LD_RUNPATH_SEARCH_PATHS = "@executable_path/Frameworks";
				"LD_RUNPATH_SEARCH_PATHS[sdk=macosx*]" = "@executable_path/../Frameworks";
				MACOSX_DEPLOYMENT_TARGET = 12.3;
				MARKETING_VERSION = 1.0;
				PRODUCT_BUNDLE_IDENTIFIER = com.lmg.FileManagerDataFlowExample;
				PRODUCT_NAME = "$(TARGET_NAME)";
				SDKROOT = auto;
				SUPPORTED_PLATFORMS = "iphoneos iphonesimulator macosx";
				SWIFT_EMIT_LOC_STRINGS = YES;
				SWIFT_VERSION = 5.0;
				TARGETED_DEVICE_FAMILY = "1,2";
			};
			name = Release;
		};
/* End XCBuildConfiguration section */

/* Begin XCConfigurationList section */
		35FA38C928F8922500ECF908 /* Build configuration list for PBXProject "FileManagerDataFlowExample" */ = {
			isa = XCConfigurationList;
			buildConfigurations = (
				35FA38DB28F8922600ECF908 /* Debug */,
				35FA38DC28F8922600ECF908 /* Release */,
			);
			defaultConfigurationIsVisible = 0;
			defaultConfigurationName = Release;
		};
		35FA38DD28F8922600ECF908 /* Build configuration list for PBXNativeTarget "FileManagerDataFlowExample" */ = {
			isa = XCConfigurationList;
			buildConfigurations = (
				35FA38DE28F8922600ECF908 /* Debug */,
				35FA38DF28F8922600ECF908 /* Release */,
			);
			defaultConfigurationIsVisible = 0;
			defaultConfigurationName = Release;
		};
/* End XCConfigurationList section */
	};
	rootObject = 35FA38C628F8922500ECF908 /* Project object */;
}
